
Microsoft Visual Studio Solution File, Format Version 12.00
# Visual Studio Version 16
VisualStudioVersion = 16.0.28803.202
MinimumVisualStudioVersion = 10.0.40219.1
Project("{2150E333-8FDC-42A3-9474-1A3956D46DE8}") = "2 - Domain", "2 - Domain", "{8FC0B11D-2799-40E3-98E7-96E205AD2FF9}"
EndProject
Project("{2150E333-8FDC-42A3-9474-1A3956D46DE8}") = "Core", "Core", "{42E1C2F0-0063-461C-876E-824AA10ECCAD}"
EndProject
Project("{9A19103F-16F7-4668-BE54-9A1E7A4F7556}") = "Servcom.SGA.Domain.Core", "src\Servcom.SGA.Domain.Core\Servcom.SGA.Domain.Core.csproj", "{0DE0F454-0848-46E6-B61B-0356EB0902F0}"
EndProject
Project("{2150E333-8FDC-42A3-9474-1A3956D46DE8}") = "Atendimento", "Atendimento", "{6C9391AB-E364-4D09-9B3B-59ACBC1D59E7}"
EndProject
Project("{9A19103F-16F7-4668-BE54-9A1E7A4F7556}") = "Servcom.SGA.Domain.Atendimentos", "src\Servcom.SGA.Domain.Atendimento\Servcom.SGA.Domain.Atendimentos.csproj", "{6BE89A81-6C6E-4185-B27F-4801628E87D2}"
EndProject
Project("{2150E333-8FDC-42A3-9474-1A3956D46DE8}") = "1 - Services", "1 - Services", "{F5468DE1-6B90-4225-B4DC-72F1BCFCD603}"
EndProject
Project("{9A19103F-16F7-4668-BE54-9A1E7A4F7556}") = "Servcom.SGA.Service.Api", "src\Servcom.SGA.Service.Api\Servcom.SGA.Service.Api.csproj", "{FC04A992-6F79-4CC3-A0B2-82E6F04A1294}"
EndProject
Project("{2150E333-8FDC-42A3-9474-1A3956D46DE8}") = "3 - Infra", "3 - Infra", "{BB264C86-6FE7-42BE-AEF5-125A956BE2B9}"
EndProject
Project("{2150E333-8FDC-42A3-9474-1A3956D46DE8}") = "3.1 - Data", "3.1 - Data", "{2769514F-E157-41C1-B87D-64BEDE954C3E}"
EndProject
Project("{9A19103F-16F7-4668-BE54-9A1E7A4F7556}") = "Servcom.SGA.Infra.Data", "src\Servcom.SGA.Infra.Data\Servcom.SGA.Infra.Data.csproj", "{5880D5B2-D719-4ABC-8A03-002ACB8CD3D4}"
EndProject
Project("{2150E333-8FDC-42A3-9474-1A3956D46DE8}") = "3.2 - CrossCutting", "3.2 - CrossCutting", "{F84F5833-3B32-4E01-A6E8-CD4D5ACAC829}"
EndProject
Project("{9A19103F-16F7-4668-BE54-9A1E7A4F7556}") = "Servcom.SGA.Infra.CrossCutting.Identity", "src\Servcom.SGA.Infra.CrossCutting.Identity\Servcom.SGA.Infra.CrossCutting.Identity.csproj", "{12550C62-3454-43EF-8B44-CD70828872BA}"
EndProject
Project("{9A19103F-16F7-4668-BE54-9A1E7A4F7556}") = "Servcom.SGA.Infra.CrossCutting.IoC", "src\Servcom.SGA.Infra.CrossCutting.IoC\Servcom.SGA.Infra.CrossCutting.IoC.csproj", "{48CA1B2B-2BFB-4115-B274-992F3033843A}"
EndProject
Project("{2150E333-8FDC-42A3-9474-1A3956D46DE8}") = "Usuarios", "Usuarios", "{7D3917A8-4AA2-4776-A3D9-3BAD0B475AC6}"
EndProject
Project("{9A19103F-16F7-4668-BE54-9A1E7A4F7556}") = "Servcom.SGA.Domain.Usuarios", "src\Servcom.SGA.Domain.Usuarios\Servcom.SGA.Domain.Usuarios.csproj", "{E6AFF92C-F512-4A45-BEB1-C6BD4FAC35CC}"
EndProject
Project("{FAE04EC0-301F-11D3-BF4B-00C04F79EFBC}") = "Servcom.SGA.Infra.CrossCutting.AspNetFilters", "src\Servcom.SGA.Infra.CrossCutting.AspNetFilters\Servcom.SGA.Infra.CrossCutting.AspNetFilters.csproj", "{3A09AE83-1AD3-4A3F-B38B-32A3FD9C5BF7}"
EndProject
Global
	GlobalSection(SolutionConfigurationPlatforms) = preSolution
		Debug|Any CPU = Debug|Any CPU
		Release|Any CPU = Release|Any CPU
	EndGlobalSection
	GlobalSection(ProjectConfigurationPlatforms) = postSolution
		{0DE0F454-0848-46E6-B61B-0356EB0902F0}.Debug|Any CPU.ActiveCfg = Debug|Any CPU
		{0DE0F454-0848-46E6-B61B-0356EB0902F0}.Debug|Any CPU.Build.0 = Debug|Any CPU
		{0DE0F454-0848-46E6-B61B-0356EB0902F0}.Release|Any CPU.ActiveCfg = Release|Any CPU
		{0DE0F454-0848-46E6-B61B-0356EB0902F0}.Release|Any CPU.Build.0 = Release|Any CPU
		{6BE89A81-6C6E-4185-B27F-4801628E87D2}.Debug|Any CPU.ActiveCfg = Debug|Any CPU
		{6BE89A81-6C6E-4185-B27F-4801628E87D2}.Debug|Any CPU.Build.0 = Debug|Any CPU
		{6BE89A81-6C6E-4185-B27F-4801628E87D2}.Release|Any CPU.ActiveCfg = Release|Any CPU
		{6BE89A81-6C6E-4185-B27F-4801628E87D2}.Release|Any CPU.Build.0 = Release|Any CPU
		{FC04A992-6F79-4CC3-A0B2-82E6F04A1294}.Debug|Any CPU.ActiveCfg = Debug|Any CPU
		{FC04A992-6F79-4CC3-A0B2-82E6F04A1294}.Debug|Any CPU.Build.0 = Debug|Any CPU
		{FC04A992-6F79-4CC3-A0B2-82E6F04A1294}.Release|Any CPU.ActiveCfg = Release|Any CPU
		{FC04A992-6F79-4CC3-A0B2-82E6F04A1294}.Release|Any CPU.Build.0 = Release|Any CPU
		{5880D5B2-D719-4ABC-8A03-002ACB8CD3D4}.Debug|Any CPU.ActiveCfg = Debug|Any CPU
		{5880D5B2-D719-4ABC-8A03-002ACB8CD3D4}.Debug|Any CPU.Build.0 = Debug|Any CPU
		{5880D5B2-D719-4ABC-8A03-002ACB8CD3D4}.Release|Any CPU.ActiveCfg = Release|Any CPU
		{5880D5B2-D719-4ABC-8A03-002ACB8CD3D4}.Release|Any CPU.Build.0 = Release|Any CPU
		{12550C62-3454-43EF-8B44-CD70828872BA}.Debug|Any CPU.ActiveCfg = Debug|Any CPU
		{12550C62-3454-43EF-8B44-CD70828872BA}.Debug|Any CPU.Build.0 = Debug|Any CPU
		{12550C62-3454-43EF-8B44-CD70828872BA}.Release|Any CPU.ActiveCfg = Release|Any CPU
		{12550C62-3454-43EF-8B44-CD70828872BA}.Release|Any CPU.Build.0 = Release|Any CPU
		{48CA1B2B-2BFB-4115-B274-992F3033843A}.Debug|Any CPU.ActiveCfg = Debug|Any CPU
		{48CA1B2B-2BFB-4115-B274-992F3033843A}.Debug|Any CPU.Build.0 = Debug|Any CPU
		{48CA1B2B-2BFB-4115-B274-992F3033843A}.Release|Any CPU.ActiveCfg = Release|Any CPU
		{48CA1B2B-2BFB-4115-B274-992F3033843A}.Release|Any CPU.Build.0 = Release|Any CPU
		{E6AFF92C-F512-4A45-BEB1-C6BD4FAC35CC}.Debug|Any CPU.ActiveCfg = Debug|Any CPU
		{E6AFF92C-F512-4A45-BEB1-C6BD4FAC35CC}.Debug|Any CPU.Build.0 = Debug|Any CPU
		{E6AFF92C-F512-4A45-BEB1-C6BD4FAC35CC}.Release|Any CPU.ActiveCfg = Release|Any CPU
		{E6AFF92C-F512-4A45-BEB1-C6BD4FAC35CC}.Release|Any CPU.Build.0 = Release|Any CPU
		{3A09AE83-1AD3-4A3F-B38B-32A3FD9C5BF7}.Debug|Any CPU.ActiveCfg = Debug|Any CPU
		{3A09AE83-1AD3-4A3F-B38B-32A3FD9C5BF7}.Debug|Any CPU.Build.0 = Debug|Any CPU
		{3A09AE83-1AD3-4A3F-B38B-32A3FD9C5BF7}.Release|Any CPU.ActiveCfg = Release|Any CPU
		{3A09AE83-1AD3-4A3F-B38B-32A3FD9C5BF7}.Release|Any CPU.Build.0 = Release|Any CPU
	EndGlobalSection
	GlobalSection(SolutionProperties) = preSolution
		HideSolutionNode = FALSE
	EndGlobalSection
	GlobalSection(NestedProjects) = preSolution
		{42E1C2F0-0063-461C-876E-824AA10ECCAD} = {8FC0B11D-2799-40E3-98E7-96E205AD2FF9}
		{0DE0F454-0848-46E6-B61B-0356EB0902F0} = {42E1C2F0-0063-461C-876E-824AA10ECCAD}
		{6C9391AB-E364-4D09-9B3B-59ACBC1D59E7} = {8FC0B11D-2799-40E3-98E7-96E205AD2FF9}
		{6BE89A81-6C6E-4185-B27F-4801628E87D2} = {6C9391AB-E364-4D09-9B3B-59ACBC1D59E7}
		{FC04A992-6F79-4CC3-A0B2-82E6F04A1294} = {F5468DE1-6B90-4225-B4DC-72F1BCFCD603}
		{2769514F-E157-41C1-B87D-64BEDE954C3E} = {BB264C86-6FE7-42BE-AEF5-125A956BE2B9}
		{5880D5B2-D719-4ABC-8A03-002ACB8CD3D4} = {2769514F-E157-41C1-B87D-64BEDE954C3E}
		{F84F5833-3B32-4E01-A6E8-CD4D5ACAC829} = {BB264C86-6FE7-42BE-AEF5-125A956BE2B9}
		{12550C62-3454-43EF-8B44-CD70828872BA} = {F84F5833-3B32-4E01-A6E8-CD4D5ACAC829}
		{48CA1B2B-2BFB-4115-B274-992F3033843A} = {F84F5833-3B32-4E01-A6E8-CD4D5ACAC829}
		{7D3917A8-4AA2-4776-A3D9-3BAD0B475AC6} = {8FC0B11D-2799-40E3-98E7-96E205AD2FF9}
		{E6AFF92C-F512-4A45-BEB1-C6BD4FAC35CC} = {7D3917A8-4AA2-4776-A3D9-3BAD0B475AC6}
		{3A09AE83-1AD3-4A3F-B38B-32A3FD9C5BF7} = {F84F5833-3B32-4E01-A6E8-CD4D5ACAC829}
	EndGlobalSection
	GlobalSection(ExtensibilityGlobals) = postSolution
		SolutionGuid = {D3F75807-209F-403D-AC31-A0A667F4AB20}
	EndGlobalSection
EndGlobal
